
Microsoft Visual Studio Solution File, Format Version 12.00
# Visual Studio Version 16
VisualStudioVersion = 16.0.31613.86
MinimumVisualStudioVersion = 10.0.40219.1
Project("{FAE04EC0-301F-11D3-BF4B-00C04F79EFBC}") = "InterfaceWebConfig", "InterfaceWebConfig\InterfaceWebConfig.csproj", "{4DFEF19C-A4D5-4D4F-A094-B4547CBA2724}"
EndProject
Global
	GlobalSection(SolutionConfigurationPlatforms) = preSolution
		Debug|Any CPU = Debug|Any CPU
		Release|Any CPU = Release|Any CPU
	EndGlobalSection
	GlobalSection(ProjectConfigurationPlatforms) = postSolution
		{4DFEF19C-A4D5-4D4F-A094-B4547CBA2724}.Debug|Any CPU.ActiveCfg = Debug|Any CPU
		{4DFEF19C-A4D5-4D4F-A094-B4547CBA2724}.Debug|Any CPU.Build.0 = Debug|Any CPU
		{4DFEF19C-A4D5-4D4F-A094-B4547CBA2724}.Release|Any CPU.ActiveCfg = Release|Any CPU
		{4DFEF19C-A4D5-4D4F-A094-B4547CBA2724}.Release|Any CPU.Build.0 = Release|Any CPU
	EndGlobalSection
	GlobalSection(SolutionProperties) = preSolution
		HideSolutionNode = FALSE
	EndGlobalSection
	GlobalSection(ExtensibilityGlobals) = postSolution
		SolutionGuid = {CEA43D78-F62B-4595-A332-42B60805ED4E}
	EndGlobalSection
EndGlobal
